// !$*UTF8*$!
{
	archiveVersion = 1;
	classes = {
	};
	objectVersion = 46;
	objects = {

/* Begin PBXBuildFile section */
		019C53509046D955C9CD1ACD /* PortKeeperCore.framework in Frameworks */ = {isa = PBXBuildFile; fileRef = 76BCF82EF3E0E71B16CEAAE2 /* PortKeeperCore.framework */; };
		105B0BBDB1281EB84B933954 /* ConfigFileWatcher.swift in Sources */ = {isa = PBXBuildFile; fileRef = 7E11EC0BD247FE2C9F85048D /* ConfigFileWatcher.swift */; };
		142F5391DA65B2BDBAD62979 /* PortKeeperCore.framework in Embed Frameworks */ = {isa = PBXBuildFile; fileRef = 76BCF82EF3E0E71B16CEAAE2 /* PortKeeperCore.framework */; settings = {ATTRIBUTES = (CodeSignOnCopy, RemoveHeadersOnCopy, ); }; };
		1AF8138E7214169790C819D3 /* TunnelLaunchPreparer.swift in Sources */ = {isa = PBXBuildFile; fileRef = 154EE4B38674A710E865E537 /* TunnelLaunchPreparer.swift */; };
		261A43881691DBA968F02243 /* MenuBarIcon.swift in Sources */ = {isa = PBXBuildFile; fileRef = 98CDC0CFA8437C8584E71FDA /* MenuBarIcon.swift */; };
		322E5C65A484A2A29E9FEB0F /* GatewaySupport.swift in Sources */ = {isa = PBXBuildFile; fileRef = A1C4FE87B73AD045A6EEC812 /* GatewaySupport.swift */; };
		326FB00381FCF94022FFA4F5 /* Models.swift in Sources */ = {isa = PBXBuildFile; fileRef = F6F8124D96E3BA7C8C68CEB2 /* Models.swift */; };
		346FB53228A11AF3FDDED3E7 /* BrowserLauncher.swift in Sources */ = {isa = PBXBuildFile; fileRef = E9D1FF40DC9B61ABAFA0057A /* BrowserLauncher.swift */; };
		49F5C6157371FD1DDBB6231C /* PortKeeperRuntimeRegistry.swift in Sources */ = {isa = PBXBuildFile; fileRef = 72CFC02BDCFC80C334C53EB0 /* PortKeeperRuntimeRegistry.swift */; };
		5463887ED47818EEF9C5CA8A /* PortProbe.swift in Sources */ = {isa = PBXBuildFile; fileRef = F269098779DA0D789F6ABD01 /* PortProbe.swift */; };
		55F0CD91854C4EF59CE66D25 /* Theme.swift in Sources */ = {isa = PBXBuildFile; fileRef = 665827290FD3AB873D0B2F91 /* Theme.swift */; };
		643B31CDB6756ACFEE8CD232 /* PasswordSupport.swift in Sources */ = {isa = PBXBuildFile; fileRef = 4D2827C97300B666981E16C5 /* PasswordSupport.swift */; };
		6EE8F642A980221AE3A89D19 /* Cocoa.framework in Frameworks */ = {isa = PBXBuildFile; fileRef = 88F426A55DC1D9BEBA7DB494 /* Cocoa.framework */; };
		70934C02040E5DF8CB0D683D /* SSHConfigParser.swift in Sources */ = {isa = PBXBuildFile; fileRef = B1A9B910B7DB00564D88E141 /* SSHConfigParser.swift */; };
		785ED8610FCCB4B99442268C /* Cocoa.framework in Frameworks */ = {isa = PBXBuildFile; fileRef = 88F426A55DC1D9BEBA7DB494 /* Cocoa.framework */; };
		86C2E9643CDF21F85E5A66FF /* EditorWindow.swift in Sources */ = {isa = PBXBuildFile; fileRef = 5679F0EFB2159929FBF3C9CB /* EditorWindow.swift */; };
		9FB8772341B0B545D4E81382 /* TunnelSupervisor.swift in Sources */ = {isa = PBXBuildFile; fileRef = 05D74BAC00E5BAFAF63429D3 /* TunnelSupervisor.swift */; };
		A77B2EF50F8EE1D69706B7A5 /* Burrow.icns in Resources */ = {isa = PBXBuildFile; fileRef = F7D42109CD5608062B065E81 /* Burrow.icns */; };
		AE8741EC9CDB192D9D02F493 /* VPNClientDetection.swift in Sources */ = {isa = PBXBuildFile; fileRef = 9A79A53739FC540DD2DF4875 /* VPNClientDetection.swift */; };
		B31658A9567902DD02B90AC8 /* GatewayToolsInstaller.swift in Sources */ = {isa = PBXBuildFile; fileRef = 006420575CAE09B78125AF2F /* GatewayToolsInstaller.swift */; };
		B3E2CA362A4C053E09044F3A /* SSHConfigImport.swift in Sources */ = {isa = PBXBuildFile; fileRef = EA0F9A756D73317A60B44B72 /* SSHConfigImport.swift */; };
		BB74F98378CC363CE20D5DBE /* GatewayEditor.swift in Sources */ = {isa = PBXBuildFile; fileRef = 2A0821B3C2E685D3F163B5AB /* GatewayEditor.swift */; };
		BCE49B0B6CDBECFE256D2B81 /* AppMain.swift in Sources */ = {isa = PBXBuildFile; fileRef = A0AC8BFB7E0BCF58C53956D9 /* AppMain.swift */; };
		D9DE4CD606B696F44D4EEE58 /* ConfigStore.swift in Sources */ = {isa = PBXBuildFile; fileRef = 427A456D9E517B490DF89BE0 /* ConfigStore.swift */; };
		E25A9F7E904E85208632E5EB /* GPSAMLAuth.swift in Sources */ = {isa = PBXBuildFile; fileRef = 9FF68916316C257E6A45DDE6 /* GPSAMLAuth.swift */; };
		F7D76231DD57E8C1E035C733 /* SSHCommandBuilder.swift in Sources */ = {isa = PBXBuildFile; fileRef = 4FCC5C0C9D4942F33AE60BB1 /* SSHCommandBuilder.swift */; };
/* End PBXBuildFile section */

/* Begin PBXContainerItemProxy section */
		CBF716CE6AAA4ABE64FEE999 /* PBXContainerItemProxy */ = {
			isa = PBXContainerItemProxy;
			containerPortal = 729CF189B62ABB498F31C2A7 /* Project object */;
			proxyType = 1;
			remoteGlobalIDString = D4989A98BD339EE79350D6A1;
			remoteInfo = PortKeeperCore;
		};
/* End PBXContainerItemProxy section */

/* Begin PBXCopyFilesBuildPhase section */
		0BFCFCBCFE2F26A5837F73C1 /* Embed Frameworks */ = {
			isa = PBXCopyFilesBuildPhase;
			buildActionMask = 2147483647;
			dstPath = "";
			dstSubfolderSpec = 10;
			files = (
				142F5391DA65B2BDBAD62979 /* PortKeeperCore.framework in Embed Frameworks */,
			);
			name = "Embed Frameworks";
			runOnlyForDeploymentPostprocessing = 0;
		};
/* End PBXCopyFilesBuildPhase section */

/* Begin PBXFileReference section */
		006420575CAE09B78125AF2F /* GatewayToolsInstaller.swift */ = {isa = PBXFileReference; includeInIndex = 1; lastKnownFileType = sourcecode.swift; path = GatewayToolsInstaller.swift; sourceTree = "<group>"; };
		05D74BAC00E5BAFAF63429D3 /* TunnelSupervisor.swift */ = {isa = PBXFileReference; includeInIndex = 1; lastKnownFileType = sourcecode.swift; path = TunnelSupervisor.swift; sourceTree = "<group>"; };
		154EE4B38674A710E865E537 /* TunnelLaunchPreparer.swift */ = {isa = PBXFileReference; includeInIndex = 1; lastKnownFileType = sourcecode.swift; path = TunnelLaunchPreparer.swift; sourceTree = "<group>"; };
		2A0821B3C2E685D3F163B5AB /* GatewayEditor.swift */ = {isa = PBXFileReference; includeInIndex = 1; lastKnownFileType = sourcecode.swift; path = GatewayEditor.swift; sourceTree = "<group>"; };
		427A456D9E517B490DF89BE0 /* ConfigStore.swift */ = {isa = PBXFileReference; includeInIndex = 1; lastKnownFileType = sourcecode.swift; path = ConfigStore.swift; sourceTree = "<group>"; };
		4D2827C97300B666981E16C5 /* PasswordSupport.swift */ = {isa = PBXFileReference; includeInIndex = 1; lastKnownFileType = sourcecode.swift; path = PasswordSupport.swift; sourceTree = "<group>"; };
		4FCC5C0C9D4942F33AE60BB1 /* SSHCommandBuilder.swift */ = {isa = PBXFileReference; includeInIndex = 1; lastKnownFileType = sourcecode.swift; path = SSHCommandBuilder.swift; sourceTree = "<group>"; };
		5679F0EFB2159929FBF3C9CB /* EditorWindow.swift */ = {isa = PBXFileReference; includeInIndex = 1; lastKnownFileType = sourcecode.swift; path = EditorWindow.swift; sourceTree = "<group>"; };
		665827290FD3AB873D0B2F91 /* Theme.swift */ = {isa = PBXFileReference; includeInIndex = 1; lastKnownFileType = sourcecode.swift; path = Theme.swift; sourceTree = "<group>"; };
		72CFC02BDCFC80C334C53EB0 /* PortKeeperRuntimeRegistry.swift */ = {isa = PBXFileReference; includeInIndex = 1; lastKnownFileType = sourcecode.swift; path = PortKeeperRuntimeRegistry.swift; sourceTree = "<group>"; };
		76BCF82EF3E0E71B16CEAAE2 /* PortKeeperCore.framework */ = {isa = PBXFileReference; explicitFileType = wrapper.framework; includeInIndex = 0; path = PortKeeperCore.framework; sourceTree = BUILT_PRODUCTS_DIR; };
		78405DD938F5F935F286DA06 /* Burrow.app */ = {isa = PBXFileReference; explicitFileType = wrapper.application; includeInIndex = 0; path = Burrow.app; sourceTree = BUILT_PRODUCTS_DIR; };
		7E11EC0BD247FE2C9F85048D /* ConfigFileWatcher.swift */ = {isa = PBXFileReference; includeInIndex = 1; lastKnownFileType = sourcecode.swift; path = ConfigFileWatcher.swift; sourceTree = "<group>"; };
		88F426A55DC1D9BEBA7DB494 /* Cocoa.framework */ = {isa = PBXFileReference; lastKnownFileType = wrapper.framework; name = Cocoa.framework; path = Platforms/MacOSX.platform/Developer/SDKs/MacOSX15.0.sdk/System/Library/Frameworks/Cocoa.framework; sourceTree = DEVELOPER_DIR; };
		98CDC0CFA8437C8584E71FDA /* MenuBarIcon.swift */ = {isa = PBXFileReference; includeInIndex = 1; lastKnownFileType = sourcecode.swift; path = MenuBarIcon.swift; sourceTree = "<group>"; };
		9A79A53739FC540DD2DF4875 /* VPNClientDetection.swift */ = {isa = PBXFileReference; includeInIndex = 1; lastKnownFileType = sourcecode.swift; path = VPNClientDetection.swift; sourceTree = "<group>"; };
		9FF68916316C257E6A45DDE6 /* GPSAMLAuth.swift */ = {isa = PBXFileReference; includeInIndex = 1; lastKnownFileType = sourcecode.swift; path = GPSAMLAuth.swift; sourceTree = "<group>"; };
		A0AC8BFB7E0BCF58C53956D9 /* AppMain.swift */ = {isa = PBXFileReference; includeInIndex = 1; lastKnownFileType = sourcecode.swift; path = AppMain.swift; sourceTree = "<group>"; };
		A1C4FE87B73AD045A6EEC812 /* GatewaySupport.swift */ = {isa = PBXFileReference; includeInIndex = 1; lastKnownFileType = sourcecode.swift; path = GatewaySupport.swift; sourceTree = "<group>"; };
		A9024732D614504F454C743F /* Burrow-Info.plist */ = {isa = PBXFileReference; includeInIndex = 1; lastKnownFileType = text.plist.xml; path = "Burrow-Info.plist"; sourceTree = "<group>"; };
		B1A9B910B7DB00564D88E141 /* SSHConfigParser.swift */ = {isa = PBXFileReference; includeInIndex = 1; lastKnownFileType = sourcecode.swift; path = SSHConfigParser.swift; sourceTree = "<group>"; };
		E9D1FF40DC9B61ABAFA0057A /* BrowserLauncher.swift */ = {isa = PBXFileReference; includeInIndex = 1; lastKnownFileType = sourcecode.swift; path = BrowserLauncher.swift; sourceTree = "<group>"; };
		EA0F9A756D73317A60B44B72 /* SSHConfigImport.swift */ = {isa = PBXFileReference; includeInIndex = 1; lastKnownFileType = sourcecode.swift; path = SSHConfigImport.swift; sourceTree = "<group>"; };
		F269098779DA0D789F6ABD01 /* PortProbe.swift */ = {isa = PBXFileReference; includeInIndex = 1; lastKnownFileType = sourcecode.swift; path = PortProbe.swift; sourceTree = "<group>"; };
		F6F8124D96E3BA7C8C68CEB2 /* Models.swift */ = {isa = PBXFileReference; includeInIndex = 1; lastKnownFileType = sourcecode.swift; path = Models.swift; sourceTree = "<group>"; };
		F7D42109CD5608062B065E81 /* Burrow.icns */ = {isa = PBXFileReference; includeInIndex = 1; path = Burrow.icns; sourceTree = "<group>"; };
/* End PBXFileReference section */

/* Begin PBXFrameworksBuildPhase section */
		7ADEDA770D31141B3B7B40D2 /* Frameworks */ = {
			isa = PBXFrameworksBuildPhase;
			buildActionMask = 2147483647;
			files = (
				6EE8F642A980221AE3A89D19 /* Cocoa.framework in Frameworks */,
				019C53509046D955C9CD1ACD /* PortKeeperCore.framework in Frameworks */,
			);
			runOnlyForDeploymentPostprocessing = 0;
		};
		8293E3D44A87E361D81ECBAA /* Frameworks */ = {
			isa = PBXFrameworksBuildPhase;
			buildActionMask = 2147483647;
			files = (
				785ED8610FCCB4B99442268C /* Cocoa.framework in Frameworks */,
			);
			runOnlyForDeploymentPostprocessing = 0;
		};
/* End PBXFrameworksBuildPhase section */

/* Begin PBXGroup section */
		2E5CAA64C814181C858374AA /* XcodeSupport */ = {
			isa = PBXGroup;
			children = (
				A9024732D614504F454C743F /* Burrow-Info.plist */,
				F7D42109CD5608062B065E81 /* Burrow.icns */,
			);
			name = XcodeSupport;
			path = XcodeSupport;
			sourceTree = "<group>";
		};
		32E1E36BB63B9F9EA7844687 /* Products */ = {
			isa = PBXGroup;
			children = (
				76BCF82EF3E0E71B16CEAAE2 /* PortKeeperCore.framework */,
				78405DD938F5F935F286DA06 /* Burrow.app */,
			);
			name = Products;
			sourceTree = "<group>";
		};
		65670B7F244B26CA0F062745 /* Frameworks */ = {
			isa = PBXGroup;
			children = (
				C437D65BBB27FDC361E83F36 /* OS X */,
			);
			name = Frameworks;
			sourceTree = "<group>";
		};
		AB7E4085B7B9279D8F2B9CE5 = {
			isa = PBXGroup;
			children = (
				32E1E36BB63B9F9EA7844687 /* Products */,
				65670B7F244B26CA0F062745 /* Frameworks */,
				B9E7AFEEE246B1128AF85903 /* Sources */,
				2E5CAA64C814181C858374AA /* XcodeSupport */,
			);
			sourceTree = "<group>";
		};
		B0750E9879451F38E8B6AC9A /* PortKeeperMenuBar */ = {
			isa = PBXGroup;
			children = (
				A0AC8BFB7E0BCF58C53956D9 /* AppMain.swift */,
				E9D1FF40DC9B61ABAFA0057A /* BrowserLauncher.swift */,
				7E11EC0BD247FE2C9F85048D /* ConfigFileWatcher.swift */,
				5679F0EFB2159929FBF3C9CB /* EditorWindow.swift */,
				9FF68916316C257E6A45DDE6 /* GPSAMLAuth.swift */,
				2A0821B3C2E685D3F163B5AB /* GatewayEditor.swift */,
				006420575CAE09B78125AF2F /* GatewayToolsInstaller.swift */,
				98CDC0CFA8437C8584E71FDA /* MenuBarIcon.swift */,
				4D2827C97300B666981E16C5 /* PasswordSupport.swift */,
				EA0F9A756D73317A60B44B72 /* SSHConfigImport.swift */,
				665827290FD3AB873D0B2F91 /* Theme.swift */,
				9A79A53739FC540DD2DF4875 /* VPNClientDetection.swift */,
			);
			name = PortKeeperMenuBar;
			path = PortKeeperMenuBar;
			sourceTree = "<group>";
		};
		B9E7AFEEE246B1128AF85903 /* Sources */ = {
			isa = PBXGroup;
			children = (
				C2BC43F33AA1779C8104E04F /* PortKeeperCore */,
				B0750E9879451F38E8B6AC9A /* PortKeeperMenuBar */,
			);
			name = Sources;
			path = Sources;
			sourceTree = "<group>";
		};
		C2BC43F33AA1779C8104E04F /* PortKeeperCore */ = {
			isa = PBXGroup;
			children = (
				427A456D9E517B490DF89BE0 /* ConfigStore.swift */,
				A1C4FE87B73AD045A6EEC812 /* GatewaySupport.swift */,
				F6F8124D96E3BA7C8C68CEB2 /* Models.swift */,
				72CFC02BDCFC80C334C53EB0 /* PortKeeperRuntimeRegistry.swift */,
				F269098779DA0D789F6ABD01 /* PortProbe.swift */,
				4FCC5C0C9D4942F33AE60BB1 /* SSHCommandBuilder.swift */,
				B1A9B910B7DB00564D88E141 /* SSHConfigParser.swift */,
				154EE4B38674A710E865E537 /* TunnelLaunchPreparer.swift */,
				05D74BAC00E5BAFAF63429D3 /* TunnelSupervisor.swift */,
			);
			name = PortKeeperCore;
			path = PortKeeperCore;
			sourceTree = "<group>";
		};
		C437D65BBB27FDC361E83F36 /* OS X */ = {
			isa = PBXGroup;
			children = (
				88F426A55DC1D9BEBA7DB494 /* Cocoa.framework */,
			);
			name = "OS X";
			sourceTree = "<group>";
		};
/* End PBXGroup section */

/* Begin PBXHeadersBuildPhase section */
		60FA93B34DC315A5C2C1E88C /* Headers */ = {
			isa = PBXHeadersBuildPhase;
			buildActionMask = 2147483647;
			files = (
			);
			runOnlyForDeploymentPostprocessing = 0;
		};
/* End PBXHeadersBuildPhase section */

/* Begin PBXNativeTarget section */
		D4989A98BD339EE79350D6A1 /* PortKeeperCore */ = {
			isa = PBXNativeTarget;
			buildConfigurationList = FC7531CFCF26C586E59B1FDD /* Build configuration list for PBXNativeTarget "PortKeeperCore" */;
			buildPhases = (
				60FA93B34DC315A5C2C1E88C /* Headers */,
				1EF50264E466500C5F6BD4BE /* Sources */,
				8293E3D44A87E361D81ECBAA /* Frameworks */,
				5EB22842DF2ECC2D3DF28E26 /* Resources */,
			);
			buildRules = (
			);
			dependencies = (
			);
			name = PortKeeperCore;
			productName = PortKeeperCore;
			productReference = 76BCF82EF3E0E71B16CEAAE2 /* PortKeeperCore.framework */;
			productType = "com.apple.product-type.framework";
		};
		E677BD8AF779FE7CC8F5EC0F /* Burrow */ = {
			isa = PBXNativeTarget;
			buildConfigurationList = F6915E8EE740B3A28D9320C6 /* Build configuration list for PBXNativeTarget "Burrow" */;
			buildPhases = (
				3CBDEC0AEC4850743B01EA7E /* Sources */,
				7ADEDA770D31141B3B7B40D2 /* Frameworks */,
				20044F91E4812164284CB3C5 /* Resources */,
				0BFCFCBCFE2F26A5837F73C1 /* Embed Frameworks */,
			);
			buildRules = (
			);
			dependencies = (
				7879182D9AB0ED573D03F3C1 /* PBXTargetDependency */,
			);
			name = Burrow;
			productName = Burrow;
			productReference = 78405DD938F5F935F286DA06 /* Burrow.app */;
			productType = "com.apple.product-type.application";
		};
/* End PBXNativeTarget section */

/* Begin PBXProject section */
		729CF189B62ABB498F31C2A7 /* Project object */ = {
			isa = PBXProject;
			attributes = {
				LastSwiftMigration = 9999;
				LastSwiftUpdateCheck = 1600;
				LastUpgradeCheck = 1600;
			};
			buildConfigurationList = B859C23E56221F769FD61B48 /* Build configuration list for PBXProject "Burrow" */;
			compatibilityVersion = "Xcode 3.2";
			developmentRegion = en;
			hasScannedForEncodings = 0;
			knownRegions = (
				en,
				Base,
			);
			mainGroup = AB7E4085B7B9279D8F2B9CE5;
			minimizedProjectReferenceProxies = 0;
			preferredProjectObjectVersion = 77;
			productRefGroup = 32E1E36BB63B9F9EA7844687 /* Products */;
			projectDirPath = "";
			projectRoot = "";
			targets = (
				D4989A98BD339EE79350D6A1 /* PortKeeperCore */,
				E677BD8AF779FE7CC8F5EC0F /* Burrow */,
			);
		};
/* End PBXProject section */

/* Begin PBXResourcesBuildPhase section */
		20044F91E4812164284CB3C5 /* Resources */ = {
			isa = PBXResourcesBuildPhase;
			buildActionMask = 2147483647;
			files = (
				A77B2EF50F8EE1D69706B7A5 /* Burrow.icns in Resources */,
			);
			runOnlyForDeploymentPostprocessing = 0;
		};
		5EB22842DF2ECC2D3DF28E26 /* Resources */ = {
			isa = PBXResourcesBuildPhase;
			buildActionMask = 2147483647;
			files = (
			);
			runOnlyForDeploymentPostprocessing = 0;
		};
/* End PBXResourcesBuildPhase section */

/* Begin PBXSourcesBuildPhase section */
		1EF50264E466500C5F6BD4BE /* Sources */ = {
			isa = PBXSourcesBuildPhase;
			buildActionMask = 2147483647;
			files = (
				D9DE4CD606B696F44D4EEE58 /* ConfigStore.swift in Sources */,
				322E5C65A484A2A29E9FEB0F /* GatewaySupport.swift in Sources */,
				326FB00381FCF94022FFA4F5 /* Models.swift in Sources */,
				49F5C6157371FD1DDBB6231C /* PortKeeperRuntimeRegistry.swift in Sources */,
				5463887ED47818EEF9C5CA8A /* PortProbe.swift in Sources */,
				F7D76231DD57E8C1E035C733 /* SSHCommandBuilder.swift in Sources */,
				70934C02040E5DF8CB0D683D /* SSHConfigParser.swift in Sources */,
				1AF8138E7214169790C819D3 /* TunnelLaunchPreparer.swift in Sources */,
				9FB8772341B0B545D4E81382 /* TunnelSupervisor.swift in Sources */,
			);
			runOnlyForDeploymentPostprocessing = 0;
		};
		3CBDEC0AEC4850743B01EA7E /* Sources */ = {
			isa = PBXSourcesBuildPhase;
			buildActionMask = 2147483647;
			files = (
				BCE49B0B6CDBECFE256D2B81 /* AppMain.swift in Sources */,
				346FB53228A11AF3FDDED3E7 /* BrowserLauncher.swift in Sources */,
				105B0BBDB1281EB84B933954 /* ConfigFileWatcher.swift in Sources */,
				86C2E9643CDF21F85E5A66FF /* EditorWindow.swift in Sources */,
				E25A9F7E904E85208632E5EB /* GPSAMLAuth.swift in Sources */,
				BB74F98378CC363CE20D5DBE /* GatewayEditor.swift in Sources */,
				B31658A9567902DD02B90AC8 /* GatewayToolsInstaller.swift in Sources */,
				261A43881691DBA968F02243 /* MenuBarIcon.swift in Sources */,
				643B31CDB6756ACFEE8CD232 /* PasswordSupport.swift in Sources */,
				B3E2CA362A4C053E09044F3A /* SSHConfigImport.swift in Sources */,
				55F0CD91854C4EF59CE66D25 /* Theme.swift in Sources */,
				AE8741EC9CDB192D9D02F493 /* VPNClientDetection.swift in Sources */,
			);
			runOnlyForDeploymentPostprocessing = 0;
		};
/* End PBXSourcesBuildPhase section */

/* Begin PBXTargetDependency section */
		7879182D9AB0ED573D03F3C1 /* PBXTargetDependency */ = {
			isa = PBXTargetDependency;
			name = PortKeeperCore;
			target = D4989A98BD339EE79350D6A1 /* PortKeeperCore */;
			targetProxy = CBF716CE6AAA4ABE64FEE999 /* PBXContainerItemProxy */;
		};
/* End PBXTargetDependency section */

/* Begin XCBuildConfiguration section */
		30A36D3A9D54B1927F2E8698 /* Debug */ = {
			isa = XCBuildConfiguration;
			buildSettings = {
				ASSETCATALOG_COMPILER_APPICON_NAME = "";
				ASSETCATALOG_COMPILER_GLOBAL_ACCENT_COLOR_NAME = AccentColor;
				CODE_SIGN_STYLE = Automatic;
				COMBINE_HIDPI_IMAGES = YES;
				CURRENT_PROJECT_VERSION = 1;
				ENABLE_APP_SANDBOX = NO;
				GENERATE_INFOPLIST_FILE = NO;
				INFOPLIST_FILE = "XcodeSupport/Burrow-Info.plist";
				LD_RUNPATH_SEARCH_PATHS = "$(inherited) @executable_path/../Frameworks";
				MACOSX_DEPLOYMENT_TARGET = 13.0;
				MARKETING_VERSION = 1.0;
				PRODUCT_BUNDLE_IDENTIFIER = com.jianzhou.burrow;
				PRODUCT_NAME = Burrow;
				SDKROOT = macosx;
				SWIFT_VERSION = 6.0;
			};
			name = Debug;
		};
		56E13A0E729605190B400235 /* Release */ = {
			isa = XCBuildConfiguration;
			buildSettings = {
				CODE_SIGN_STYLE = Automatic;
				COMBINE_HIDPI_IMAGES = YES;
				CURRENT_PROJECT_VERSION = 1;
				DEFINES_MODULE = YES;
				DYLIB_COMPATIBILITY_VERSION = 1;
				DYLIB_CURRENT_VERSION = 1;
				DYLIB_INSTALL_NAME_BASE = "@rpath";
				ENABLE_APP_SANDBOX = NO;
				GENERATE_INFOPLIST_FILE = YES;
				INSTALL_PATH = "$(LOCAL_LIBRARY_DIR)/Frameworks";
				LD_RUNPATH_SEARCH_PATHS = "$(inherited) @executable_path/../Frameworks @loader_path/Frameworks";
				MACOSX_DEPLOYMENT_TARGET = 13.0;
				PRODUCT_BUNDLE_IDENTIFIER = com.jianzhou.burrow.core;
				PRODUCT_MODULE_NAME = PortKeeperCore;
				PRODUCT_NAME = PortKeeperCore;
				SDKROOT = macosx;
				SKIP_INSTALL = YES;
				SWIFT_VERSION = 6.0;
				VERSIONING_SYSTEM = "apple-generic";
				VERSION_INFO_PREFIX = "";
			};
			name = Release;
		};
		6430DA14326E032A448C956F /* Debug */ = {
			isa = XCBuildConfiguration;
			buildSettings = {
				ALWAYS_SEARCH_USER_PATHS = NO;
				CLANG_ANALYZER_NONNULL = YES;
				CLANG_ANALYZER_NUMBER_OBJECT_CONVERSION = YES_AGGRESSIVE;
				CLANG_CXX_LANGUAGE_STANDARD = "gnu++14";
				CLANG_CXX_LIBRARY = "libc++";
				CLANG_ENABLE_MODULES = YES;
				CLANG_ENABLE_OBJC_ARC = YES;
				CLANG_ENABLE_OBJC_WEAK = YES;
				CLANG_WARN_BLOCK_CAPTURE_AUTORELEASING = YES;
				CLANG_WARN_BOOL_CONVERSION = YES;
				CLANG_WARN_COMMA = YES;
				CLANG_WARN_CONSTANT_CONVERSION = YES;
				CLANG_WARN_DEPRECATED_OBJC_IMPLEMENTATIONS = YES;
				CLANG_WARN_DIRECT_OBJC_ISA_USAGE = YES_ERROR;
				CLANG_WARN_DOCUMENTATION_COMMENTS = YES;
				CLANG_WARN_EMPTY_BODY = YES;
				CLANG_WARN_ENUM_CONVERSION = YES;
				CLANG_WARN_INFINITE_RECURSION = YES;
				CLANG_WARN_INT_CONVERSION = YES;
				CLANG_WARN_NON_LITERAL_NULL_CONVERSION = YES;
				CLANG_WARN_OBJC_IMPLICIT_RETAIN_SELF = YES;
				CLANG_WARN_OBJC_LITERAL_CONVERSION = YES;
				CLANG_WARN_OBJC_ROOT_CLASS = YES_ERROR;
				CLANG_WARN_QUOTED_INCLUDE_IN_FRAMEWORK_HEADER = YES;
				CLANG_WARN_RANGE_LOOP_ANALYSIS = YES;
				CLANG_WARN_STRICT_PROTOTYPES = YES;
				CLANG_WARN_SUSPICIOUS_MOVE = YES;
				CLANG_WARN_UNGUARDED_AVAILABILITY = YES_AGGRESSIVE;
				CLANG_WARN_UNREACHABLE_CODE = YES;
				CLANG_WARN__DUPLICATE_METHOD_MATCH = YES;
				COPY_PHASE_STRIP = NO;
				DEBUG_INFORMATION_FORMAT = dwarf;
				ENABLE_STRICT_OBJC_MSGSEND = YES;
				ENABLE_TESTABILITY = YES;
				GCC_C_LANGUAGE_STANDARD = gnu11;
				GCC_DYNAMIC_NO_PIC = NO;
				GCC_NO_COMMON_BLOCKS = YES;
				GCC_OPTIMIZATION_LEVEL = 0;
				GCC_PREPROCESSOR_DEFINITIONS = (
					"DEBUG=1",
					"$(inherited)",
				);
				GCC_WARN_64_TO_32_BIT_CONVERSION = YES;
				GCC_WARN_ABOUT_RETURN_TYPE = YES_ERROR;
				GCC_WARN_UNDECLARED_SELECTOR = YES;
				GCC_WARN_UNINITIALIZED_AUTOS = YES_AGGRESSIVE;
				GCC_WARN_UNUSED_FUNCTION = YES;
				GCC_WARN_UNUSED_VARIABLE = YES;
				MACOSX_DEPLOYMENT_TARGET = 13.0;
				MTL_ENABLE_DEBUG_INFO = INCLUDE_SOURCE;
				MTL_FAST_MATH = YES;
				ONLY_ACTIVE_ARCH = YES;
				PRODUCT_NAME = "$(TARGET_NAME)";
				SWIFT_ACTIVE_COMPILATION_CONDITIONS = DEBUG;
				SWIFT_OPTIMIZATION_LEVEL = "-Onone";
				SWIFT_VERSION = 6.0;
			};
			name = Debug;
		};
		723778BE8D567A4B7EFC6981 /* Debug */ = {
			isa = XCBuildConfiguration;
			buildSettings = {
				CODE_SIGN_STYLE = Automatic;
				COMBINE_HIDPI_IMAGES = YES;
				CURRENT_PROJECT_VERSION = 1;
				DEFINES_MODULE = YES;
				DYLIB_COMPATIBILITY_VERSION = 1;
				DYLIB_CURRENT_VERSION = 1;
				DYLIB_INSTALL_NAME_BASE = "@rpath";
				ENABLE_APP_SANDBOX = NO;
				GENERATE_INFOPLIST_FILE = YES;
				INSTALL_PATH = "$(LOCAL_LIBRARY_DIR)/Frameworks";
				LD_RUNPATH_SEARCH_PATHS = "$(inherited) @executable_path/../Frameworks @loader_path/Frameworks";
				MACOSX_DEPLOYMENT_TARGET = 13.0;
				PRODUCT_BUNDLE_IDENTIFIER = com.jianzhou.burrow.core;
				PRODUCT_MODULE_NAME = PortKeeperCore;
				PRODUCT_NAME = PortKeeperCore;
				SDKROOT = macosx;
				SKIP_INSTALL = YES;
				SWIFT_VERSION = 6.0;
				VERSIONING_SYSTEM = "apple-generic";
				VERSION_INFO_PREFIX = "";
			};
			name = Debug;
		};
		8907AF44F01AA48F07CFD6B7 /* Release */ = {
			isa = XCBuildConfiguration;
			buildSettings = {
				ASSETCATALOG_COMPILER_APPICON_NAME = "";
				ASSETCATALOG_COMPILER_GLOBAL_ACCENT_COLOR_NAME = AccentColor;
				CODE_SIGN_STYLE = Automatic;
				COMBINE_HIDPI_IMAGES = YES;
				CURRENT_PROJECT_VERSION = 1;
				ENABLE_APP_SANDBOX = NO;
				GENERATE_INFOPLIST_FILE = NO;
				INFOPLIST_FILE = "XcodeSupport/Burrow-Info.plist";
				LD_RUNPATH_SEARCH_PATHS = "$(inherited) @executable_path/../Frameworks";
				MACOSX_DEPLOYMENT_TARGET = 13.0;
				MARKETING_VERSION = 1.0;
				PRODUCT_BUNDLE_IDENTIFIER = com.jianzhou.burrow;
				PRODUCT_NAME = Burrow;
				SDKROOT = macosx;
				SWIFT_VERSION = 6.0;
			};
			name = Release;
		};
		F916A224D49AA90A4893CB6E /* Release */ = {
			isa = XCBuildConfiguration;
			buildSettings = {
				ALWAYS_SEARCH_USER_PATHS = NO;
				CLANG_ANALYZER_NONNULL = YES;
				CLANG_ANALYZER_NUMBER_OBJECT_CONVERSION = YES_AGGRESSIVE;
				CLANG_CXX_LANGUAGE_STANDARD = "gnu++14";
				CLANG_CXX_LIBRARY = "libc++";
				CLANG_ENABLE_MODULES = YES;
				CLANG_ENABLE_OBJC_ARC = YES;
				CLANG_ENABLE_OBJC_WEAK = YES;
				CLANG_WARN_BLOCK_CAPTURE_AUTORELEASING = YES;
				CLANG_WARN_BOOL_CONVERSION = YES;
				CLANG_WARN_COMMA = YES;
				CLANG_WARN_CONSTANT_CONVERSION = YES;
				CLANG_WARN_DEPRECATED_OBJC_IMPLEMENTATIONS = YES;
				CLANG_WARN_DIRECT_OBJC_ISA_USAGE = YES_ERROR;
				CLANG_WARN_DOCUMENTATION_COMMENTS = YES;
				CLANG_WARN_EMPTY_BODY = YES;
				CLANG_WARN_ENUM_CONVERSION = YES;
				CLANG_WARN_INFINITE_RECURSION = YES;
				CLANG_WARN_INT_CONVERSION = YES;
				CLANG_WARN_NON_LITERAL_NULL_CONVERSION = YES;
				CLANG_WARN_OBJC_IMPLICIT_RETAIN_SELF = YES;
				CLANG_WARN_OBJC_LITERAL_CONVERSION = YES;
				CLANG_WARN_OBJC_ROOT_CLASS = YES_ERROR;
				CLANG_WARN_QUOTED_INCLUDE_IN_FRAMEWORK_HEADER = YES;
				CLANG_WARN_RANGE_LOOP_ANALYSIS = YES;
				CLANG_WARN_STRICT_PROTOTYPES = YES;
				CLANG_WARN_SUSPICIOUS_MOVE = YES;
				CLANG_WARN_UNGUARDED_AVAILABILITY = YES_AGGRESSIVE;
				CLANG_WARN_UNREACHABLE_CODE = YES;
				CLANG_WARN__DUPLICATE_METHOD_MATCH = YES;
				COPY_PHASE_STRIP = NO;
				DEBUG_INFORMATION_FORMAT = "dwarf-with-dsym";
				ENABLE_NS_ASSERTIONS = NO;
				ENABLE_STRICT_OBJC_MSGSEND = YES;
				GCC_C_LANGUAGE_STANDARD = gnu11;
				GCC_NO_COMMON_BLOCKS = YES;
				GCC_WARN_64_TO_32_BIT_CONVERSION = YES;
				GCC_WARN_ABOUT_RETURN_TYPE = YES_ERROR;
				GCC_WARN_UNDECLARED_SELECTOR = YES;
				GCC_WARN_UNINITIALIZED_AUTOS = YES_AGGRESSIVE;
				GCC_WARN_UNUSED_FUNCTION = YES;
				GCC_WARN_UNUSED_VARIABLE = YES;
				MACOSX_DEPLOYMENT_TARGET = 13.0;
				MTL_ENABLE_DEBUG_INFO = NO;
				MTL_FAST_MATH = YES;
				PRODUCT_NAME = "$(TARGET_NAME)";
				SWIFT_COMPILATION_MODE = wholemodule;
				SWIFT_OPTIMIZATION_LEVEL = "-O";
				SWIFT_VERSION = 6.0;
			};
			name = Release;
		};
/* End XCBuildConfiguration section */

/* Begin XCConfigurationList section */
		B859C23E56221F769FD61B48 /* Build configuration list for PBXProject "Burrow" */ = {
			isa = XCConfigurationList;
			buildConfigurations = (
				6430DA14326E032A448C956F /* Debug */,
				F916A224D49AA90A4893CB6E /* Release */,
			);
			defaultConfigurationIsVisible = 0;
			defaultConfigurationName = Release;
		};
		F6915E8EE740B3A28D9320C6 /* Build configuration list for PBXNativeTarget "Burrow" */ = {
			isa = XCConfigurationList;
			buildConfigurations = (
				8907AF44F01AA48F07CFD6B7 /* Release */,
				30A36D3A9D54B1927F2E8698 /* Debug */,
			);
			defaultConfigurationIsVisible = 0;
			defaultConfigurationName = Release;
		};
		FC7531CFCF26C586E59B1FDD /* Build configuration list for PBXNativeTarget "PortKeeperCore" */ = {
			isa = XCConfigurationList;
			buildConfigurations = (
				56E13A0E729605190B400235 /* Release */,
				723778BE8D567A4B7EFC6981 /* Debug */,
			);
			defaultConfigurationIsVisible = 0;
			defaultConfigurationName = Release;
		};
/* End XCConfigurationList section */
	};
	rootObject = 729CF189B62ABB498F31C2A7 /* Project object */;
}
